
Microsoft Visual Studio Solution File, Format Version 12.00
# Visual Studio 15
VisualStudioVersion = 15.0.28307.168
MinimumVisualStudioVersion = 10.0.40219.1
Project("{FAE04EC0-301F-11D3-BF4B-00C04F79EFBC}") = "SlackLogging", "SlackLogging\SlackLogging.csproj", "{36337141-9E9C-4DAA-9D69-D589ADD64447}"
EndProject
Project("{FAE04EC0-301F-11D3-BF4B-00C04F79EFBC}") = "SlackLogging.TestApp", "SlackLogging.TestApp\SlackLogging.TestApp.csproj", "{146D0CC1-B761-4BB5-8E2D-B600A77ABD8D}"
EndProject
Global
	GlobalSection(SolutionConfigurationPlatforms) = preSolution
		Debug|Any CPU = Debug|Any CPU
		Release|Any CPU = Release|Any CPU
	EndGlobalSection
	GlobalSection(ProjectConfigurationPlatforms) = postSolution
		{36337141-9E9C-4DAA-9D69-D589ADD64447}.Debug|Any CPU.ActiveCfg = Debug|Any CPU
		{36337141-9E9C-4DAA-9D69-D589ADD64447}.Debug|Any CPU.Build.0 = Debug|Any CPU
		{36337141-9E9C-4DAA-9D69-D589ADD64447}.Release|Any CPU.ActiveCfg = Release|Any CPU
		{36337141-9E9C-4DAA-9D69-D589ADD64447}.Release|Any CPU.Build.0 = Release|Any CPU
		{146D0CC1-B761-4BB5-8E2D-B600A77ABD8D}.Debug|Any CPU.ActiveCfg = Debug|Any CPU
		{146D0CC1-B761-4BB5-8E2D-B600A77ABD8D}.Debug|Any CPU.Build.0 = Debug|Any CPU
		{146D0CC1-B761-4BB5-8E2D-B600A77ABD8D}.Release|Any CPU.ActiveCfg = Release|Any CPU
		{146D0CC1-B761-4BB5-8E2D-B600A77ABD8D}.Release|Any CPU.Build.0 = Release|Any CPU
	EndGlobalSection
	GlobalSection(SolutionProperties) = preSolution
		HideSolutionNode = FALSE
	EndGlobalSection
	GlobalSection(ExtensibilityGlobals) = postSolution
		SolutionGuid = {3561CF84-3622-4074-97CB-DE5F0AACF64A}
	EndGlobalSection
EndGlobal
